
Microsoft Visual Studio Solution File, Format Version 12.00
# Visual Studio Version 17
VisualStudioVersion = 17.2.32505.173
MinimumVisualStudioVersion = 10.0.40219.1
Project("{2150E333-8FDC-42A3-9474-1A3956D46DE8}") = "src", "src", "{4B85BD2E-7DF7-452C-9D6D-86F71C61070D}"
EndProject
Project("{2150E333-8FDC-42A3-9474-1A3956D46DE8}") = "Core", "Core", "{B3DA01C9-6069-4C41-A02A-C83FC85F93DE}"
EndProject
Project("{2150E333-8FDC-42A3-9474-1A3956D46DE8}") = "Infraestructure", "Infraestructure", "{CA09ABC7-2F04-4A6A-BFA7-58C1F27593AB}"
EndProject
Project("{2150E333-8FDC-42A3-9474-1A3956D46DE8}") = "Presentation", "Presentation", "{4C0208FE-5AA3-46BD-BB81-C1695E449C03}"
EndProject
Project("{9A19103F-16F7-4668-BE54-9A1E7A4F7556}") = "Application", "Application\Application.csproj", "{457A0732-B517-4EF6-9FE8-AC950040B484}"
EndProject
Project("{9A19103F-16F7-4668-BE54-9A1E7A4F7556}") = "Domain", "Domain\Domain.csproj", "{D8CCA535-B1BC-427C-AA6A-907763781D8C}"
EndProject
Project("{9A19103F-16F7-4668-BE54-9A1E7A4F7556}") = "Persistance", "Persistance\Persistance.csproj", "{5A037E76-5FF4-4FA1-A0DE-3F7A46D693D1}"
EndProject
Project("{9A19103F-16F7-4668-BE54-9A1E7A4F7556}") = "Shared", "Shared\Shared.csproj", "{FC233A9C-FB19-4CA3-BA05-5349D26AA29B}"
EndProject
Project("{9A19103F-16F7-4668-BE54-9A1E7A4F7556}") = "WebAPI", "WebAPI\WebAPI.csproj", "{6139E5F7-8CCA-418A-9749-AFF6BC5F32DF}"
EndProject
Global
	GlobalSection(SolutionConfigurationPlatforms) = preSolution
		Debug|Any CPU = Debug|Any CPU
		Release|Any CPU = Release|Any CPU
	EndGlobalSection
	GlobalSection(ProjectConfigurationPlatforms) = postSolution
		{457A0732-B517-4EF6-9FE8-AC950040B484}.Debug|Any CPU.ActiveCfg = Debug|Any CPU
		{457A0732-B517-4EF6-9FE8-AC950040B484}.Debug|Any CPU.Build.0 = Debug|Any CPU
		{457A0732-B517-4EF6-9FE8-AC950040B484}.Release|Any CPU.ActiveCfg = Release|Any CPU
		{457A0732-B517-4EF6-9FE8-AC950040B484}.Release|Any CPU.Build.0 = Release|Any CPU
		{D8CCA535-B1BC-427C-AA6A-907763781D8C}.Debug|Any CPU.ActiveCfg = Debug|Any CPU
		{D8CCA535-B1BC-427C-AA6A-907763781D8C}.Debug|Any CPU.Build.0 = Debug|Any CPU
		{D8CCA535-B1BC-427C-AA6A-907763781D8C}.Release|Any CPU.ActiveCfg = Release|Any CPU
		{D8CCA535-B1BC-427C-AA6A-907763781D8C}.Release|Any CPU.Build.0 = Release|Any CPU
		{5A037E76-5FF4-4FA1-A0DE-3F7A46D693D1}.Debug|Any CPU.ActiveCfg = Debug|Any CPU
		{5A037E76-5FF4-4FA1-A0DE-3F7A46D693D1}.Debug|Any CPU.Build.0 = Debug|Any CPU
		{5A037E76-5FF4-4FA1-A0DE-3F7A46D693D1}.Release|Any CPU.ActiveCfg = Release|Any CPU
		{5A037E76-5FF4-4FA1-A0DE-3F7A46D693D1}.Release|Any CPU.Build.0 = Release|Any CPU
		{FC233A9C-FB19-4CA3-BA05-5349D26AA29B}.Debug|Any CPU.ActiveCfg = Debug|Any CPU
		{FC233A9C-FB19-4CA3-BA05-5349D26AA29B}.Debug|Any CPU.Build.0 = Debug|Any CPU
		{FC233A9C-FB19-4CA3-BA05-5349D26AA29B}.Release|Any CPU.ActiveCfg = Release|Any CPU
		{FC233A9C-FB19-4CA3-BA05-5349D26AA29B}.Release|Any CPU.Build.0 = Release|Any CPU
		{6139E5F7-8CCA-418A-9749-AFF6BC5F32DF}.Debug|Any CPU.ActiveCfg = Debug|Any CPU
		{6139E5F7-8CCA-418A-9749-AFF6BC5F32DF}.Debug|Any CPU.Build.0 = Debug|Any CPU
		{6139E5F7-8CCA-418A-9749-AFF6BC5F32DF}.Release|Any CPU.ActiveCfg = Release|Any CPU
		{6139E5F7-8CCA-418A-9749-AFF6BC5F32DF}.Release|Any CPU.Build.0 = Release|Any CPU
	EndGlobalSection
	GlobalSection(SolutionProperties) = preSolution
		HideSolutionNode = FALSE
	EndGlobalSection
	GlobalSection(NestedProjects) = preSolution
		{B3DA01C9-6069-4C41-A02A-C83FC85F93DE} = {4B85BD2E-7DF7-452C-9D6D-86F71C61070D}
		{CA09ABC7-2F04-4A6A-BFA7-58C1F27593AB} = {4B85BD2E-7DF7-452C-9D6D-86F71C61070D}
		{4C0208FE-5AA3-46BD-BB81-C1695E449C03} = {4B85BD2E-7DF7-452C-9D6D-86F71C61070D}
		{457A0732-B517-4EF6-9FE8-AC950040B484} = {B3DA01C9-6069-4C41-A02A-C83FC85F93DE}
		{D8CCA535-B1BC-427C-AA6A-907763781D8C} = {B3DA01C9-6069-4C41-A02A-C83FC85F93DE}
		{5A037E76-5FF4-4FA1-A0DE-3F7A46D693D1} = {CA09ABC7-2F04-4A6A-BFA7-58C1F27593AB}
		{FC233A9C-FB19-4CA3-BA05-5349D26AA29B} = {CA09ABC7-2F04-4A6A-BFA7-58C1F27593AB}
		{6139E5F7-8CCA-418A-9749-AFF6BC5F32DF} = {4C0208FE-5AA3-46BD-BB81-C1695E449C03}
	EndGlobalSection
	GlobalSection(ExtensibilityGlobals) = postSolution
		SolutionGuid = {CD2AA75C-7157-4099-8ABA-F3C0B813D533}
	EndGlobalSection
EndGlobal
